// !$*UTF8*$!
{
	archiveVersion = 1;
	classes = {
	};
	objectVersion = 46;
	objects = {

/* Begin PBXBuildFile section */
		55E108101ABC5305002B752A /* main.m in Sources */ = {isa = PBXBuildFile; fileRef = 55E1080F1ABC5305002B752A /* main.m */; };
		55E108131ABC5305002B752A /* AppDelegate.m in Sources */ = {isa = PBXBuildFile; fileRef = 55E108121ABC5305002B752A /* AppDelegate.m */; };
		55E108161ABC5305002B752A /* ViewController.m in Sources */ = {isa = PBXBuildFile; fileRef = 55E108151ABC5305002B752A /* ViewController.m */; };
		55E108191ABC5305002B752A /* Main.storyboard in Resources */ = {isa = PBXBuildFile; fileRef = 55E108171ABC5305002B752A /* Main.storyboard */; };
		55E1081B1ABC5305002B752A /* Images.xcassets in Resources */ = {isa = PBXBuildFile; fileRef = 55E1081A1ABC5305002B752A /* Images.xcassets */; };
		55E1081E1ABC5305002B752A /* LaunchScreen.xib in Resources */ = {isa = PBXBuildFile; fileRef = 55E1081C1ABC5305002B752A /* LaunchScreen.xib */; };
		55E1082A1ABC5305002B752A /* PSZBlurredActivitiyIndicatorViewTests.m in Sources */ = {isa = PBXBuildFile; fileRef = 55E108291ABC5305002B752A /* PSZBlurredActivitiyIndicatorViewTests.m */; };
/* End PBXBuildFile section */

/* Begin PBXContainerItemProxy section */
		55E108241ABC5305002B752A /* PBXContainerItemProxy */ = {
			isa = PBXContainerItemProxy;
			containerPortal = 55E108021ABC5305002B752A /* Project object */;
			proxyType = 1;
			remoteGlobalIDString = 55E108091ABC5305002B752A;
			remoteInfo = PSZBlurredActivitiyIndicatorView;
		};
/* End PBXContainerItemProxy section */

/* Begin PBXFileReference section */
		55E1080A1ABC5305002B752A /* PSZBlurredActivitiyIndicatorView.app */ = {isa = PBXFileReference; explicitFileType = wrapper.application; includeInIndex = 0; path = PSZBlurredActivitiyIndicatorView.app; sourceTree = BUILT_PRODUCTS_DIR; };
		55E1080E1ABC5305002B752A /* Info.plist */ = {isa = PBXFileReference; lastKnownFileType = text.plist.xml; path = Info.plist; sourceTree = "<group>"; };
		55E1080F1ABC5305002B752A /* main.m */ = {isa = PBXFileReference; lastKnownFileType = sourcecode.c.objc; path = main.m; sourceTree = "<group>"; };
		55E108111ABC5305002B752A /* AppDelegate.h */ = {isa = PBXFileReference; lastKnownFileType = sourcecode.c.h; path = AppDelegate.h; sourceTree = "<group>"; };
		55E108121ABC5305002B752A /* AppDelegate.m */ = {isa = PBXFileReference; lastKnownFileType = sourcecode.c.objc; path = AppDelegate.m; sourceTree = "<group>"; };
		55E108141ABC5305002B752A /* ViewController.h */ = {isa = PBXFileReference; lastKnownFileType = sourcecode.c.h; path = ViewController.h; sourceTree = "<group>"; };
		55E108151ABC5305002B752A /* ViewController.m */ = {isa = PBXFileReference; lastKnownFileType = sourcecode.c.objc; path = ViewController.m; sourceTree = "<group>"; };
		55E108181ABC5305002B752A /* Base */ = {isa = PBXFileReference; lastKnownFileType = file.storyboard; name = Base; path = Base.lproj/Main.storyboard; sourceTree = "<group>"; };
		55E1081A1ABC5305002B752A /* Images.xcassets */ = {isa = PBXFileReference; lastKnownFileType = folder.assetcatalog; path = Images.xcassets; sourceTree = "<group>"; };
		55E1081D1ABC5305002B752A /* Base */ = {isa = PBXFileReference; lastKnownFileType = file.xib; name = Base; path = Base.lproj/LaunchScreen.xib; sourceTree = "<group>"; };
		55E108231ABC5305002B752A /* PSZBlurredActivitiyIndicatorViewTests.xctest */ = {isa = PBXFileReference; explicitFileType = wrapper.cfbundle; includeInIndex = 0; path = PSZBlurredActivitiyIndicatorViewTests.xctest; sourceTree = BUILT_PRODUCTS_DIR; };
		55E108281ABC5305002B752A /* Info.plist */ = {isa = PBXFileReference; lastKnownFileType = text.plist.xml; path = Info.plist; sourceTree = "<group>"; };
		55E108291ABC5305002B752A /* PSZBlurredActivitiyIndicatorViewTests.m */ = {isa = PBXFileReference; lastKnownFileType = sourcecode.c.objc; path = PSZBlurredActivitiyIndicatorViewTests.m; sourceTree = "<group>"; };
/* End PBXFileReference section */

/* Begin PBXFrameworksBuildPhase section */
		55E108071ABC5305002B752A /* Frameworks */ = {
			isa = PBXFrameworksBuildPhase;
			buildActionMask = 2147483647;
			files = (
			);
			runOnlyForDeploymentPostprocessing = 0;
		};
		55E108201ABC5305002B752A /* Frameworks */ = {
			isa = PBXFrameworksBuildPhase;
			buildActionMask = 2147483647;
			files = (
			);
			runOnlyForDeploymentPostprocessing = 0;
		};
/* End PBXFrameworksBuildPhase section */

/* Begin PBXGroup section */
		55E108011ABC5305002B752A = {
			isa = PBXGroup;
			children = (
				55E1080C1ABC5305002B752A /* PSZBlurredActivitiyIndicatorView */,
				55E108261ABC5305002B752A /* PSZBlurredActivitiyIndicatorViewTests */,
				55E1080B1ABC5305002B752A /* Products */,
			);
			sourceTree = "<group>";
		};
		55E1080B1ABC5305002B752A /* Products */ = {
			isa = PBXGroup;
			children = (
				55E1080A1ABC5305002B752A /* PSZBlurredActivitiyIndicatorView.app */,
				55E108231ABC5305002B752A /* PSZBlurredActivitiyIndicatorViewTests.xctest */,
			);
			name = Products;
			sourceTree = "<group>";
		};
		55E1080C1ABC5305002B752A /* PSZBlurredActivitiyIndicatorView */ = {
			isa = PBXGroup;
			children = (
				55E108111ABC5305002B752A /* AppDelegate.h */,
				55E108121ABC5305002B752A /* AppDelegate.m */,
				55E108141ABC5305002B752A /* ViewController.h */,
				55E108151ABC5305002B752A /* ViewController.m */,
				55E108171ABC5305002B752A /* Main.storyboard */,
				55E1081A1ABC5305002B752A /* Images.xcassets */,
				55E1081C1ABC5305002B752A /* LaunchScreen.xib */,
				55E1080D1ABC5305002B752A /* Supporting Files */,
			);
			path = PSZBlurredActivitiyIndicatorView;
			sourceTree = "<group>";
		};
		55E1080D1ABC5305002B752A /* Supporting Files */ = {
			isa = PBXGroup;
			children = (
				55E1080E1ABC5305002B752A /* Info.plist */,
				55E1080F1ABC5305002B752A /* main.m */,
			);
			name = "Supporting Files";
			sourceTree = "<group>";
		};
		55E108261ABC5305002B752A /* PSZBlurredActivitiyIndicatorViewTests */ = {
			isa = PBXGroup;
			children = (
				55E108291ABC5305002B752A /* PSZBlurredActivitiyIndicatorViewTests.m */,
				55E108271ABC5305002B752A /* Supporting Files */,
			);
			path = PSZBlurredActivitiyIndicatorViewTests;
			sourceTree = "<group>";
		};
		55E108271ABC5305002B752A /* Supporting Files */ = {
			isa = PBXGroup;
			children = (
				55E108281ABC5305002B752A /* Info.plist */,
			);
			name = "Supporting Files";
			sourceTree = "<group>";
		};
/* End PBXGroup section */

/* Begin PBXNativeTarget section */
		55E108091ABC5305002B752A /* PSZBlurredActivitiyIndicatorView */ = {
			isa = PBXNativeTarget;
			buildConfigurationList = 55E1082D1ABC5305002B752A /* Build configuration list for PBXNativeTarget "PSZBlurredActivitiyIndicatorView" */;
			buildPhases = (
				55E108061ABC5305002B752A /* Sources */,
				55E108071ABC5305002B752A /* Frameworks */,
				55E108081ABC5305002B752A /* Resources */,
			);
			buildRules = (
			);
			dependencies = (
			);
			name = PSZBlurredActivitiyIndicatorView;
			productName = PSZBlurredActivitiyIndicatorView;
			productReference = 55E1080A1ABC5305002B752A /* PSZBlurredActivitiyIndicatorView.app */;
			productType = "com.apple.product-type.application";
		};
		55E108221ABC5305002B752A /* PSZBlurredActivitiyIndicatorViewTests */ = {
			isa = PBXNativeTarget;
			buildConfigurationList = 55E108301ABC5305002B752A /* Build configuration list for PBXNativeTarget "PSZBlurredActivitiyIndicatorViewTests" */;
			buildPhases = (
				55E1081F1ABC5305002B752A /* Sources */,
				55E108201ABC5305002B752A /* Frameworks */,
				55E108211ABC5305002B752A /* Resources */,
			);
			buildRules = (
			);
			dependencies = (
				55E108251ABC5305002B752A /* PBXTargetDependency */,
			);
			name = PSZBlurredActivitiyIndicatorViewTests;
			productName = PSZBlurredActivitiyIndicatorViewTests;
			productReference = 55E108231ABC5305002B752A /* PSZBlurredActivitiyIndicatorViewTests.xctest */;
			productType = "com.apple.product-type.bundle.unit-test";
		};
/* End PBXNativeTarget section */

/* Begin PBXProject section */
		55E108021ABC5305002B752A /* Project object */ = {
			isa = PBXProject;
			attributes = {
				LastUpgradeCheck = 0620;
				ORGANIZATIONNAME = "Paweł Sporysz";
				TargetAttributes = {
					55E108091ABC5305002B752A = {
						CreatedOnToolsVersion = 6.2;
					};
					55E108221ABC5305002B752A = {
						CreatedOnToolsVersion = 6.2;
						TestTargetID = 55E108091ABC5305002B752A;
					};
				};
			};
			buildConfigurationList = 55E108051ABC5305002B752A /* Build configuration list for PBXProject "PSZBlurredActivitiyIndicatorView" */;
			compatibilityVersion = "Xcode 3.2";
			developmentRegion = English;
			hasScannedForEncodings = 0;
			knownRegions = (
				en,
				Base,
			);
			mainGroup = 55E108011ABC5305002B752A;
			productRefGroup = 55E1080B1ABC5305002B752A /* Products */;
			projectDirPath = "";
			projectRoot = "";
			targets = (
				55E108091ABC5305002B752A /* PSZBlurredActivitiyIndicatorView */,
				55E108221ABC5305002B752A /* PSZBlurredActivitiyIndicatorViewTests */,
			);
		};
/* End PBXProject section */

/* Begin PBXResourcesBuildPhase section */
		55E108081ABC5305002B752A /* Resources */ = {
			isa = PBXResourcesBuildPhase;
			buildActionMask = 2147483647;
			files = (
				55E108191ABC5305002B752A /* Main.storyboard in Resources */,
				55E1081E1ABC5305002B752A /* LaunchScreen.xib in Resources */,
				55E1081B1ABC5305002B752A /* Images.xcassets in Resources */,
			);
			runOnlyForDeploymentPostprocessing = 0;
		};
		55E108211ABC5305002B752A /* Resources */ = {
			isa = PBXResourcesBuildPhase;
			buildActionMask = 2147483647;
			files = (
			);
			runOnlyForDeploymentPostprocessing = 0;
		};
/* End PBXResourcesBuildPhase section */

/* Begin PBXSourcesBuildPhase section */
		55E108061ABC5305002B752A /* Sources */ = {
			isa = PBXSourcesBuildPhase;
			buildActionMask = 2147483647;
			files = (
				55E108161ABC5305002B752A /* ViewController.m in Sources */,
				55E108131ABC5305002B752A /* AppDelegate.m in Sources */,
				55E108101ABC5305002B752A /* main.m in Sources */,
			);
			runOnlyForDeploymentPostprocessing = 0;
		};
		55E1081F1ABC5305002B752A /* Sources */ = {
			isa = PBXSourcesBuildPhase;
			buildActionMask = 2147483647;
			files = (
				55E1082A1ABC5305002B752A /* PSZBlurredActivitiyIndicatorViewTests.m in Sources */,
			);
			runOnlyForDeploymentPostprocessing = 0;
		};
/* End PBXSourcesBuildPhase section */

/* Begin PBXTargetDependency section */
		55E108251ABC5305002B752A /* PBXTargetDependency */ = {
			isa = PBXTargetDependency;
			target = 55E108091ABC5305002B752A /* PSZBlurredActivitiyIndicatorView */;
			targetProxy = 55E108241ABC5305002B752A /* PBXContainerItemProxy */;
		};
/* End PBXTargetDependency section */

/* Begin PBXVariantGroup section */
		55E108171ABC5305002B752A /* Main.storyboard */ = {
			isa = PBXVariantGroup;
			children = (
				55E108181ABC5305002B752A /* Base */,
			);
			name = Main.storyboard;
			sourceTree = "<group>";
		};
		55E1081C1ABC5305002B752A /* LaunchScreen.xib */ = {
			isa = PBXVariantGroup;
			children = (
				55E1081D1ABC5305002B752A /* Base */,
			);
			name = LaunchScreen.xib;
			sourceTree = "<group>";
		};
/* End PBXVariantGroup section */

/* Begin XCBuildConfiguration section */
		55E1082B1ABC5305002B752A /* Debug */ = {
			isa = XCBuildConfiguration;
			buildSettings = {
				ALWAYS_SEARCH_USER_PATHS = NO;
				CLANG_CXX_LANGUAGE_STANDARD = "gnu++0x";
				CLANG_CXX_LIBRARY = "libc++";
				CLANG_ENABLE_MODULES = YES;
				CLANG_ENABLE_OBJC_ARC = YES;
				CLANG_WARN_BOOL_CONVERSION = YES;
				CLANG_WARN_CONSTANT_CONVERSION = YES;
				CLANG_WARN_DIRECT_OBJC_ISA_USAGE = YES_ERROR;
				CLANG_WARN_EMPTY_BODY = YES;
				CLANG_WARN_ENUM_CONVERSION = YES;
				CLANG_WARN_INT_CONVERSION = YES;
				CLANG_WARN_OBJC_ROOT_CLASS = YES_ERROR;
				CLANG_WARN_UNREACHABLE_CODE = YES;
				CLANG_WARN__DUPLICATE_METHOD_MATCH = YES;
				"CODE_SIGN_IDENTITY[sdk=iphoneos*]" = "iPhone Developer";
				COPY_PHASE_STRIP = NO;
				ENABLE_STRICT_OBJC_MSGSEND = YES;
				GCC_C_LANGUAGE_STANDARD = gnu99;
				GCC_DYNAMIC_NO_PIC = NO;
				GCC_OPTIMIZATION_LEVEL = 0;
				GCC_PREPROCESSOR_DEFINITIONS = (
					"DEBUG=1",
					"$(inherited)",
				);
				GCC_SYMBOLS_PRIVATE_EXTERN = NO;
				GCC_WARN_64_TO_32_BIT_CONVERSION = YES;
				GCC_WARN_ABOUT_RETURN_TYPE = YES_ERROR;
				GCC_WARN_UNDECLARED_SELECTOR = YES;
				GCC_WARN_UNINITIALIZED_AUTOS = YES_AGGRESSIVE;
				GCC_WARN_UNUSED_FUNCTION = YES;
				GCC_WARN_UNUSED_VARIABLE = YES;
				IPHONEOS_DEPLOYMENT_TARGET = 8.2;
				MTL_ENABLE_DEBUG_INFO = YES;
				ONLY_ACTIVE_ARCH = YES;
				SDKROOT = iphoneos;
			};
			name = Debug;
		};
		55E1082C1ABC5305002B752A /* Release */ = {
			isa = XCBuildConfiguration;
			buildSettings = {
				ALWAYS_SEARCH_USER_PATHS = NO;
				CLANG_CXX_LANGUAGE_STANDARD = "gnu++0x";
				CLANG_CXX_LIBRARY = "libc++";
				CLANG_ENABLE_MODULES = YES;
				CLANG_ENABLE_OBJC_ARC = YES;
				CLANG_WARN_BOOL_CONVERSION = YES;
				CLANG_WARN_CONSTANT_CONVERSION = YES;
				CLANG_WARN_DIRECT_OBJC_ISA_USAGE = YES_ERROR;
				CLANG_WARN_EMPTY_BODY = YES;
				CLANG_WARN_ENUM_CONVERSION = YES;
				CLANG_WARN_INT_CONVERSION = YES;
				CLANG_WARN_OBJC_ROOT_CLASS = YES_ERROR;
				CLANG_WARN_UNREACHABLE_CODE = YES;
				CLANG_WARN__DUPLICATE_METHOD_MATCH = YES;
				"CODE_SIGN_IDENTITY[sdk=iphoneos*]" = "iPhone Developer";
				COPY_PHASE_STRIP = NO;
				ENABLE_NS_ASSERTIONS = NO;
				ENABLE_STRICT_OBJC_MSGSEND = YES;
				GCC_C_LANGUAGE_STANDARD = gnu99;
				GCC_WARN_64_TO_32_BIT_CONVERSION = YES;
				GCC_WARN_ABOUT_RETURN_TYPE = YES_ERROR;
				GCC_WARN_UNDECLARED_SELECTOR = YES;
				GCC_WARN_UNINITIALIZED_AUTOS = YES_AGGRESSIVE;
				GCC_WARN_UNUSED_FUNCTION = YES;
				GCC_WARN_UNUSED_VARIABLE = YES;
				IPHONEOS_DEPLOYMENT_TARGET = 8.2;
				MTL_ENABLE_DEBUG_INFO = NO;
				SDKROOT = iphoneos;
				VALIDATE_PRODUCT = YES;
			};
			name = Release;
		};
		55E1082E1ABC5305002B752A /* Debug */ = {
			isa = XCBuildConfiguration;
			buildSettings = {
				ASSETCATALOG_COMPILER_APPICON_NAME = AppIcon;
				INFOPLIST_FILE = PSZBlurredActivitiyIndicatorView/Info.plist;
				LD_RUNPATH_SEARCH_PATHS = "$(inherited) @executable_path/Frameworks";
				PRODUCT_NAME = "$(TARGET_NAME)";
			};
			name = Debug;
		};
		55E1082F1ABC5305002B752A /* Release */ = {
			isa = XCBuildConfiguration;
			buildSettings = {
				ASSETCATALOG_COMPILER_APPICON_NAME = AppIcon;
				INFOPLIST_FILE = PSZBlurredActivitiyIndicatorView/Info.plist;
				LD_RUNPATH_SEARCH_PATHS = "$(inherited) @executable_path/Frameworks";
				PRODUCT_NAME = "$(TARGET_NAME)";
			};
			name = Release;
		};
		55E108311ABC5305002B752A /* Debug */ = {
			isa = XCBuildConfiguration;
			buildSettings = {
				BUNDLE_LOADER = "$(TEST_HOST)";
				FRAMEWORK_SEARCH_PATHS = (
					"$(SDKROOT)/Developer/Library/Frameworks",
					"$(inherited)",
				);
				GCC_PREPROCESSOR_DEFINITIONS = (
					"DEBUG=1",
					"$(inherited)",
				);
				INFOPLIST_FILE = PSZBlurredActivitiyIndicatorViewTests/Info.plist;
				LD_RUNPATH_SEARCH_PATHS = "$(inherited) @executable_path/Frameworks @loader_path/Frameworks";
				PRODUCT_NAME = "$(TARGET_NAME)";
				TEST_HOST = "$(BUILT_PRODUCTS_DIR)/PSZBlurredActivitiyIndicatorView.app/PSZBlurredActivitiyIndicatorView";
			};
			name = Debug;
		};
		55E108321ABC5305002B752A /* Release */ = {
			isa = XCBuildConfiguration;
			buildSettings = {
				BUNDLE_LOADER = "$(TEST_HOST)";
				FRAMEWORK_SEARCH_PATHS = (
					"$(SDKROOT)/Developer/Library/Frameworks",
					"$(inherited)",
				);
				INFOPLIST_FILE = PSZBlurredActivitiyIndicatorViewTests/Info.plist;
				LD_RUNPATH_SEARCH_PATHS = "$(inherited) @executable_path/Frameworks @loader_path/Frameworks";
				PRODUCT_NAME = "$(TARGET_NAME)";
				TEST_HOST = "$(BUILT_PRODUCTS_DIR)/PSZBlurredActivitiyIndicatorView.app/PSZBlurredActivitiyIndicatorView";
			};
			name = Release;
		};
/* End XCBuildConfiguration section */

/* Begin XCConfigurationList section */
		55E108051ABC5305002B752A /* Build configuration list for PBXProject "PSZBlurredActivitiyIndicatorView" */ = {
			isa = XCConfigurationList;
			buildConfigurations = (
				55E1082B1ABC5305002B752A /* Debug */,
				55E1082C1ABC5305002B752A /* Release */,
			);
			defaultConfigurationIsVisible = 0;
			defaultConfigurationName = Release;
		};
		55E1082D1ABC5305002B752A /* Build configuration list for PBXNativeTarget "PSZBlurredActivitiyIndicatorView" */ = {
			isa = XCConfigurationList;
			buildConfigurations = (
				55E1082E1ABC5305002B752A /* Debug */,
				55E1082F1ABC5305002B752A /* Release */,
			);
			defaultConfigurationIsVisible = 0;
		};
		55E108301ABC5305002B752A /* Build configuration list for PBXNativeTarget "PSZBlurredActivitiyIndicatorViewTests" */ = {
			isa = XCConfigurationList;
			buildConfigurations = (
				55E108311ABC5305002B752A /* Debug */,
				55E108321ABC5305002B752A /* Release */,
			);
			defaultConfigurationIsVisible = 0;
		};
/* End XCConfigurationList section */
	};
	rootObject = 55E108021ABC5305002B752A /* Project object */;
}
